
Microsoft Visual Studio Solution File, Format Version 12.00
# Visual Studio Version 16
VisualStudioVersion = 16.0.28803.202
MinimumVisualStudioVersion = 10.0.40219.1
Project("{FAE04EC0-301F-11D3-BF4B-00C04F79EFBC}") = "Client.Core", "Client.Core\Client.Core.csproj", "{70097EE5-7B90-4070-9ED6-EB707F6C9B56}"
EndProject
Project("{FAE04EC0-301F-11D3-BF4B-00C04F79EFBC}") = "Client.WPF", "Client.WPF\Client.WPF.csproj", "{789E4F0A-7413-42A8-922E-84AB7A824468}"
EndProject
Project("{FAE04EC0-301F-11D3-BF4B-00C04F79EFBC}") = "Client.Droid", "Client.Droid\Client.Droid.csproj", "{9EAC3250-F3EB-4AC6-9F7B-FE5163FF34E6}"
EndProject
Global
	GlobalSection(SolutionConfigurationPlatforms) = preSolution
		Debug|Any CPU = Debug|Any CPU
		Debug|x86 = Debug|x86
		Release|Any CPU = Release|Any CPU
		Release|x86 = Release|x86
	EndGlobalSection
	GlobalSection(ProjectConfigurationPlatforms) = postSolution
		{70097EE5-7B90-4070-9ED6-EB707F6C9B56}.Debug|Any CPU.ActiveCfg = Debug|Any CPU
		{70097EE5-7B90-4070-9ED6-EB707F6C9B56}.Debug|Any CPU.Build.0 = Debug|Any CPU
		{70097EE5-7B90-4070-9ED6-EB707F6C9B56}.Debug|x86.ActiveCfg = Debug|Any CPU
		{70097EE5-7B90-4070-9ED6-EB707F6C9B56}.Debug|x86.Build.0 = Debug|Any CPU
		{70097EE5-7B90-4070-9ED6-EB707F6C9B56}.Release|Any CPU.ActiveCfg = Release|Any CPU
		{70097EE5-7B90-4070-9ED6-EB707F6C9B56}.Release|Any CPU.Build.0 = Release|Any CPU
		{70097EE5-7B90-4070-9ED6-EB707F6C9B56}.Release|x86.ActiveCfg = Release|Any CPU
		{70097EE5-7B90-4070-9ED6-EB707F6C9B56}.Release|x86.Build.0 = Release|Any CPU
		{789E4F0A-7413-42A8-922E-84AB7A824468}.Debug|Any CPU.ActiveCfg = Debug|Any CPU
		{789E4F0A-7413-42A8-922E-84AB7A824468}.Debug|Any CPU.Build.0 = Debug|Any CPU
		{789E4F0A-7413-42A8-922E-84AB7A824468}.Debug|x86.ActiveCfg = Debug|Any CPU
		{789E4F0A-7413-42A8-922E-84AB7A824468}.Debug|x86.Build.0 = Debug|Any CPU
		{789E4F0A-7413-42A8-922E-84AB7A824468}.Release|Any CPU.ActiveCfg = Release|Any CPU
		{789E4F0A-7413-42A8-922E-84AB7A824468}.Release|Any CPU.Build.0 = Release|Any CPU
		{789E4F0A-7413-42A8-922E-84AB7A824468}.Release|x86.ActiveCfg = Release|Any CPU
		{789E4F0A-7413-42A8-922E-84AB7A824468}.Release|x86.Build.0 = Release|Any CPU
		{9EAC3250-F3EB-4AC6-9F7B-FE5163FF34E6}.Debug|Any CPU.ActiveCfg = Debug|Any CPU
		{9EAC3250-F3EB-4AC6-9F7B-FE5163FF34E6}.Debug|Any CPU.Build.0 = Debug|Any CPU
		{9EAC3250-F3EB-4AC6-9F7B-FE5163FF34E6}.Debug|Any CPU.Deploy.0 = Debug|Any CPU
		{9EAC3250-F3EB-4AC6-9F7B-FE5163FF34E6}.Debug|x86.ActiveCfg = Debug|Any CPU
		{9EAC3250-F3EB-4AC6-9F7B-FE5163FF34E6}.Debug|x86.Build.0 = Debug|Any CPU
		{9EAC3250-F3EB-4AC6-9F7B-FE5163FF34E6}.Debug|x86.Deploy.0 = Debug|Any CPU
		{9EAC3250-F3EB-4AC6-9F7B-FE5163FF34E6}.Release|Any CPU.ActiveCfg = Release|Any CPU
		{9EAC3250-F3EB-4AC6-9F7B-FE5163FF34E6}.Release|Any CPU.Build.0 = Release|Any CPU
		{9EAC3250-F3EB-4AC6-9F7B-FE5163FF34E6}.Release|Any CPU.Deploy.0 = Release|Any CPU
		{9EAC3250-F3EB-4AC6-9F7B-FE5163FF34E6}.Release|x86.ActiveCfg = Release|Any CPU
		{9EAC3250-F3EB-4AC6-9F7B-FE5163FF34E6}.Release|x86.Build.0 = Release|Any CPU
		{9EAC3250-F3EB-4AC6-9F7B-FE5163FF34E6}.Release|x86.Deploy.0 = Release|Any CPU
	EndGlobalSection
	GlobalSection(SolutionProperties) = preSolution
		HideSolutionNode = FALSE
	EndGlobalSection
	GlobalSection(ExtensibilityGlobals) = postSolution
		SolutionGuid = {6B200B40-35E8-4E54-AF99-5F8C72AD9F86}
	EndGlobalSection
EndGlobal
